# The compiled FlowTrack core this version runs with: release core-v<version> on GitHub, SHA-256 of each build.
# The installer downloads the file for the server's CPU and refuses one that does not match.
version 1.3.1
x86_64 0dc723e777e3fa0171f51e6d1625a749805978c78c7c7b4e4acbe23f492c2c79
aarch64 db0448b446dfad620372a02f41d7fea2885eb37a8567bc0fc2322656cbe15b3f
