# The compiled FlowTrack core this version runs with: release core-v<version> on GitHub, SHA-256 of each build.
# The installer downloads the file for the server's CPU and refuses one that does not match.
version 1.2.0
x86_64 dfbea40c90e433e7c7af90a7d2c5b10f89444f4541417b67c5ccc39dd04954a8
aarch64 ec4e6b241f430340f39cd91b3075e3654dd446d63d81ee626e8e7e57ea1b455c
